
Microsoft Visual Studio Solution File, Format Version 12.00
# Visual Studio Version 16
VisualStudioVersion = 16.0.30223.230
MinimumVisualStudioVersion = 10.0.40219.1
Project("{9A19103F-16F7-4668-BE54-9A1E7A4F7556}") = "CONTINER.API.MANAGER.Security", "CONTINER.API.MANAGER.Security\CONTINER.API.MANAGER.Security.csproj", "{521C7E9E-618C-4C13-B2F2-31C5C9740143}"
EndProject
Project("{2150E333-8FDC-42A3-9474-1A3956D46DE8}") = "Cross", "Cross", "{12128F85-ADE7-4A28-BBF0-C42F5883A7D5}"
EndProject
Project("{2150E333-8FDC-42A3-9474-1A3956D46DE8}") = "Projects", "Projects", "{A275072D-5E99-48F6-9B5C-99307118FF1E}"
EndProject
Project("{2150E333-8FDC-42A3-9474-1A3956D46DE8}") = "Microservices", "Microservices", "{37D8425B-C760-4B99-BA5B-6F8C53E99ADB}"
EndProject
Project("{2150E333-8FDC-42A3-9474-1A3956D46DE8}") = "Security", "Security", "{F7EC25B9-6F3A-4195-ACB4-B58BE01A82CC}"
EndProject
Project("{9A19103F-16F7-4668-BE54-9A1E7A4F7556}") = "CONTINER.API.MANAGER.Cross.Jwt", "CONTINER.API.MANAGER.Cross.Jwt\CONTINER.API.MANAGER.Cross.Jwt.csproj", "{811143A5-2E26-4640-9B56-BCD76E15BBF3}"
EndProject
Project("{2150E333-8FDC-42A3-9474-1A3956D46DE8}") = "Account", "Account", "{5FACA951-7FC6-402A-BBC1-D88127D4F448}"
EndProject
Project("{9A19103F-16F7-4668-BE54-9A1E7A4F7556}") = "CONTINER.API.MANAGER.Account", "CONTINER.API.MANAGER.Account\CONTINER.API.MANAGER.Account.csproj", "{EEBFC928-EDB3-43E1-8D5D-B743A8A8DDEE}"
EndProject
Project("{2150E333-8FDC-42A3-9474-1A3956D46DE8}") = "Deposit", "Deposit", "{06292FAC-FC79-4A0C-B1A7-2B3479A5717B}"
EndProject
Project("{2150E333-8FDC-42A3-9474-1A3956D46DE8}") = "Withdrawal", "Withdrawal", "{5F55A7CA-1CC5-4D91-9B47-FC1169392033}"
EndProject
Project("{9A19103F-16F7-4668-BE54-9A1E7A4F7556}") = "CONTINER.API.MANAGER.Deposit", "CONTINER.API.MANAGER.Deposit\CONTINER.API.MANAGER.Deposit.csproj", "{C1E303E1-1847-490A-9F73-26CC1811C4C5}"
EndProject
Project("{9A19103F-16F7-4668-BE54-9A1E7A4F7556}") = "CONTINER.API.MANAGER.Withdrawal", "CONTINER.API.MANAGER.Withdrawal\CONTINER.API.MANAGER.Withdrawal.csproj", "{187541C9-1708-4EE4-B65C-B7AA1552D058}"
EndProject
Project("{2150E333-8FDC-42A3-9474-1A3956D46DE8}") = "History", "History", "{7CC129D1-DF12-46F5-8F9E-11B1CA936FB5}"
EndProject
Project("{9A19103F-16F7-4668-BE54-9A1E7A4F7556}") = "CONTINER.API.MANAGER.History", "CONTINER.API.MANAGER.History\CONTINER.API.MANAGER.History.csproj", "{673F448E-585C-45D6-A3DC-B99513929B04}"
EndProject
Project("{2150E333-8FDC-42A3-9474-1A3956D46DE8}") = "Notification", "Notification", "{3DE7E633-A4EF-4133-B1A0-F739C303BC7D}"
EndProject
Project("{9A19103F-16F7-4668-BE54-9A1E7A4F7556}") = "CONTINER.API.MANAGER.Notification", "CONTINER.API.MANAGER.Notification\CONTINER.API.MANAGER.Notification.csproj", "{7D4DCC63-32B4-4502-8E29-6896F46E2EAD}"
EndProject
Project("{9A19103F-16F7-4668-BE54-9A1E7A4F7556}") = "CONTINER.API.MANAGER.Cross.RabbitMQ", "CONTINER.API.MANAGER.Cross.RabbitMQ\CONTINER.API.MANAGER.Cross.RabbitMQ.csproj", "{4A8AB424-817B-47C8-9F91-3EC8EE9668F0}"
EndProject
Project("{9A19103F-16F7-4668-BE54-9A1E7A4F7556}") = "CONTINER.API.MANAGER.Cross.Proxy", "CONTINER.API.MANAGER.Cross.Proxy\CONTINER.API.MANAGER.Cross.Proxy.csproj", "{E13E13AD-C8A7-48A9-B6E5-FAF501E7648E}"
EndProject
Global
	GlobalSection(SolutionConfigurationPlatforms) = preSolution
		Debug|Any CPU = Debug|Any CPU
		Release|Any CPU = Release|Any CPU
	EndGlobalSection
	GlobalSection(ProjectConfigurationPlatforms) = postSolution
		{521C7E9E-618C-4C13-B2F2-31C5C9740143}.Debug|Any CPU.ActiveCfg = Debug|Any CPU
		{521C7E9E-618C-4C13-B2F2-31C5C9740143}.Debug|Any CPU.Build.0 = Debug|Any CPU
		{521C7E9E-618C-4C13-B2F2-31C5C9740143}.Release|Any CPU.ActiveCfg = Release|Any CPU
		{521C7E9E-618C-4C13-B2F2-31C5C9740143}.Release|Any CPU.Build.0 = Release|Any CPU
		{811143A5-2E26-4640-9B56-BCD76E15BBF3}.Debug|Any CPU.ActiveCfg = Debug|Any CPU
		{811143A5-2E26-4640-9B56-BCD76E15BBF3}.Debug|Any CPU.Build.0 = Debug|Any CPU
		{811143A5-2E26-4640-9B56-BCD76E15BBF3}.Release|Any CPU.ActiveCfg = Release|Any CPU
		{811143A5-2E26-4640-9B56-BCD76E15BBF3}.Release|Any CPU.Build.0 = Release|Any CPU
		{EEBFC928-EDB3-43E1-8D5D-B743A8A8DDEE}.Debug|Any CPU.ActiveCfg = Debug|Any CPU
		{EEBFC928-EDB3-43E1-8D5D-B743A8A8DDEE}.Debug|Any CPU.Build.0 = Debug|Any CPU
		{EEBFC928-EDB3-43E1-8D5D-B743A8A8DDEE}.Release|Any CPU.ActiveCfg = Release|Any CPU
		{EEBFC928-EDB3-43E1-8D5D-B743A8A8DDEE}.Release|Any CPU.Build.0 = Release|Any CPU
		{C1E303E1-1847-490A-9F73-26CC1811C4C5}.Debug|Any CPU.ActiveCfg = Debug|Any CPU
		{C1E303E1-1847-490A-9F73-26CC1811C4C5}.Debug|Any CPU.Build.0 = Debug|Any CPU
		{C1E303E1-1847-490A-9F73-26CC1811C4C5}.Release|Any CPU.ActiveCfg = Release|Any CPU
		{C1E303E1-1847-490A-9F73-26CC1811C4C5}.Release|Any CPU.Build.0 = Release|Any CPU
		{187541C9-1708-4EE4-B65C-B7AA1552D058}.Debug|Any CPU.ActiveCfg = Debug|Any CPU
		{187541C9-1708-4EE4-B65C-B7AA1552D058}.Debug|Any CPU.Build.0 = Debug|Any CPU
		{187541C9-1708-4EE4-B65C-B7AA1552D058}.Release|Any CPU.ActiveCfg = Release|Any CPU
		{187541C9-1708-4EE4-B65C-B7AA1552D058}.Release|Any CPU.Build.0 = Release|Any CPU
		{673F448E-585C-45D6-A3DC-B99513929B04}.Debug|Any CPU.ActiveCfg = Debug|Any CPU
		{673F448E-585C-45D6-A3DC-B99513929B04}.Debug|Any CPU.Build.0 = Debug|Any CPU
		{673F448E-585C-45D6-A3DC-B99513929B04}.Release|Any CPU.ActiveCfg = Release|Any CPU
		{673F448E-585C-45D6-A3DC-B99513929B04}.Release|Any CPU.Build.0 = Release|Any CPU
		{7D4DCC63-32B4-4502-8E29-6896F46E2EAD}.Debug|Any CPU.ActiveCfg = Debug|Any CPU
		{7D4DCC63-32B4-4502-8E29-6896F46E2EAD}.Debug|Any CPU.Build.0 = Debug|Any CPU
		{7D4DCC63-32B4-4502-8E29-6896F46E2EAD}.Release|Any CPU.ActiveCfg = Release|Any CPU
		{7D4DCC63-32B4-4502-8E29-6896F46E2EAD}.Release|Any CPU.Build.0 = Release|Any CPU
		{4A8AB424-817B-47C8-9F91-3EC8EE9668F0}.Debug|Any CPU.ActiveCfg = Debug|Any CPU
		{4A8AB424-817B-47C8-9F91-3EC8EE9668F0}.Debug|Any CPU.Build.0 = Debug|Any CPU
		{4A8AB424-817B-47C8-9F91-3EC8EE9668F0}.Release|Any CPU.ActiveCfg = Release|Any CPU
		{4A8AB424-817B-47C8-9F91-3EC8EE9668F0}.Release|Any CPU.Build.0 = Release|Any CPU
		{E13E13AD-C8A7-48A9-B6E5-FAF501E7648E}.Debug|Any CPU.ActiveCfg = Debug|Any CPU
		{E13E13AD-C8A7-48A9-B6E5-FAF501E7648E}.Debug|Any CPU.Build.0 = Debug|Any CPU
		{E13E13AD-C8A7-48A9-B6E5-FAF501E7648E}.Release|Any CPU.ActiveCfg = Release|Any CPU
		{E13E13AD-C8A7-48A9-B6E5-FAF501E7648E}.Release|Any CPU.Build.0 = Release|Any CPU
	EndGlobalSection
	GlobalSection(SolutionProperties) = preSolution
		HideSolutionNode = FALSE
	EndGlobalSection
	GlobalSection(NestedProjects) = preSolution
		{521C7E9E-618C-4C13-B2F2-31C5C9740143} = {F7EC25B9-6F3A-4195-ACB4-B58BE01A82CC}
		{37D8425B-C760-4B99-BA5B-6F8C53E99ADB} = {A275072D-5E99-48F6-9B5C-99307118FF1E}
		{F7EC25B9-6F3A-4195-ACB4-B58BE01A82CC} = {37D8425B-C760-4B99-BA5B-6F8C53E99ADB}
		{811143A5-2E26-4640-9B56-BCD76E15BBF3} = {12128F85-ADE7-4A28-BBF0-C42F5883A7D5}
		{5FACA951-7FC6-402A-BBC1-D88127D4F448} = {37D8425B-C760-4B99-BA5B-6F8C53E99ADB}
		{EEBFC928-EDB3-43E1-8D5D-B743A8A8DDEE} = {5FACA951-7FC6-402A-BBC1-D88127D4F448}
		{06292FAC-FC79-4A0C-B1A7-2B3479A5717B} = {37D8425B-C760-4B99-BA5B-6F8C53E99ADB}
		{5F55A7CA-1CC5-4D91-9B47-FC1169392033} = {37D8425B-C760-4B99-BA5B-6F8C53E99ADB}
		{C1E303E1-1847-490A-9F73-26CC1811C4C5} = {06292FAC-FC79-4A0C-B1A7-2B3479A5717B}
		{187541C9-1708-4EE4-B65C-B7AA1552D058} = {5F55A7CA-1CC5-4D91-9B47-FC1169392033}
		{7CC129D1-DF12-46F5-8F9E-11B1CA936FB5} = {37D8425B-C760-4B99-BA5B-6F8C53E99ADB}
		{673F448E-585C-45D6-A3DC-B99513929B04} = {7CC129D1-DF12-46F5-8F9E-11B1CA936FB5}
		{3DE7E633-A4EF-4133-B1A0-F739C303BC7D} = {37D8425B-C760-4B99-BA5B-6F8C53E99ADB}
		{7D4DCC63-32B4-4502-8E29-6896F46E2EAD} = {3DE7E633-A4EF-4133-B1A0-F739C303BC7D}
		{4A8AB424-817B-47C8-9F91-3EC8EE9668F0} = {12128F85-ADE7-4A28-BBF0-C42F5883A7D5}
		{E13E13AD-C8A7-48A9-B6E5-FAF501E7648E} = {12128F85-ADE7-4A28-BBF0-C42F5883A7D5}
	EndGlobalSection
	GlobalSection(ExtensibilityGlobals) = postSolution
		SolutionGuid = {8A3F0A07-FCCD-409F-9BEA-5D2D1033D69B}
	EndGlobalSection
EndGlobal
